
Microsoft Visual Studio Solution File, Format Version 12.00
# Visual Studio Version 17
VisualStudioVersion = 17.2.32630.192
MinimumVisualStudioVersion = 10.0.40219.1
Project("{FAE04EC0-301F-11D3-BF4B-00C04F79EFBC}") = "EcommerceAutoShop", "EcommerceAutoShop\EcommerceAutoShop.csproj", "{F52FAE94-BAA8-49DB-8AFD-04F836BBCA38}"
EndProject
Project("{FAE04EC0-301F-11D3-BF4B-00C04F79EFBC}") = "TestEcommerceAutoShop", "TestEcommerceAutoShop\TestEcommerceAutoShop.csproj", "{F9D65180-97FB-43DF-A874-6547895D17BE}"
EndProject
Global
	GlobalSection(SolutionConfigurationPlatforms) = preSolution
		Debug|Any CPU = Debug|Any CPU
		Release|Any CPU = Release|Any CPU
	EndGlobalSection
	GlobalSection(ProjectConfigurationPlatforms) = postSolution
		{F52FAE94-BAA8-49DB-8AFD-04F836BBCA38}.Debug|Any CPU.ActiveCfg = Debug|Any CPU
		{F52FAE94-BAA8-49DB-8AFD-04F836BBCA38}.Debug|Any CPU.Build.0 = Debug|Any CPU
		{F52FAE94-BAA8-49DB-8AFD-04F836BBCA38}.Release|Any CPU.ActiveCfg = Release|Any CPU
		{F52FAE94-BAA8-49DB-8AFD-04F836BBCA38}.Release|Any CPU.Build.0 = Release|Any CPU
		{F9D65180-97FB-43DF-A874-6547895D17BE}.Debug|Any CPU.ActiveCfg = Debug|Any CPU
		{F9D65180-97FB-43DF-A874-6547895D17BE}.Debug|Any CPU.Build.0 = Debug|Any CPU
		{F9D65180-97FB-43DF-A874-6547895D17BE}.Release|Any CPU.ActiveCfg = Release|Any CPU
		{F9D65180-97FB-43DF-A874-6547895D17BE}.Release|Any CPU.Build.0 = Release|Any CPU
	EndGlobalSection
	GlobalSection(SolutionProperties) = preSolution
		HideSolutionNode = FALSE
	EndGlobalSection
	GlobalSection(ExtensibilityGlobals) = postSolution
		SolutionGuid = {972EC51C-FEB1-411D-B514-CEF25A4A473B}
	EndGlobalSection
EndGlobal
